
Microsoft Visual Studio Solution File, Format Version 12.00
# Visual Studio Version 16
VisualStudioVersion = 16.0.29123.88
MinimumVisualStudioVersion = 10.0.40219.1
Project("{FAE04EC0-301F-11D3-BF4B-00C04F79EFBC}") = "bitirme_new", "bitirme_new\bitirme_new.csproj", "{0A65D430-747C-4D93-A7A8-9B89474D19E5}"
EndProject
Global
	GlobalSection(SolutionConfigurationPlatforms) = preSolution
		Debug|Any CPU = Debug|Any CPU
		Release|Any CPU = Release|Any CPU
	EndGlobalSection
	GlobalSection(ProjectConfigurationPlatforms) = postSolution
		{0A65D430-747C-4D93-A7A8-9B89474D19E5}.Debug|Any CPU.ActiveCfg = Debug|Any CPU
		{0A65D430-747C-4D93-A7A8-9B89474D19E5}.Debug|Any CPU.Build.0 = Debug|Any CPU
		{0A65D430-747C-4D93-A7A8-9B89474D19E5}.Release|Any CPU.ActiveCfg = Release|Any CPU
		{0A65D430-747C-4D93-A7A8-9B89474D19E5}.Release|Any CPU.Build.0 = Release|Any CPU
	EndGlobalSection
	GlobalSection(SolutionProperties) = preSolution
		HideSolutionNode = FALSE
	EndGlobalSection
	GlobalSection(ExtensibilityGlobals) = postSolution
		SolutionGuid = {614E3C67-5E16-4573-9DF9-F26DC32BC3F3}
	EndGlobalSection
EndGlobal
